// !$*UTF8*$!
{
	archiveVersion = 1;
	classes = {
	};
	objectVersion = 46;
	objects = {

/* Begin PBXBuildFile section */
		9C0783A51E425FCA00BCC235 /* main.m in Sources */ = {isa = PBXBuildFile; fileRef = 9C0783A41E425FCA00BCC235 /* main.m */; };
		9C0783A81E425FCA00BCC235 /* AppDelegate.m in Sources */ = {isa = PBXBuildFile; fileRef = 9C0783A71E425FCA00BCC235 /* AppDelegate.m */; };
		9C0783AB1E425FCA00BCC235 /* ViewController.m in Sources */ = {isa = PBXBuildFile; fileRef = 9C0783AA1E425FCA00BCC235 /* ViewController.m */; };
		9C0783AE1E425FCB00BCC235 /* Main.storyboard in Resources */ = {isa = PBXBuildFile; fileRef = 9C0783AC1E425FCB00BCC235 /* Main.storyboard */; };
		9C0783B01E425FCB00BCC235 /* Assets.xcassets in Resources */ = {isa = PBXBuildFile; fileRef = 9C0783AF1E425FCB00BCC235 /* Assets.xcassets */; };
		9C0783B31E425FCB00BCC235 /* LaunchScreen.storyboard in Resources */ = {isa = PBXBuildFile; fileRef = 9C0783B11E425FCB00BCC235 /* LaunchScreen.storyboard */; };
		9C0783BC1E426A4B00BCC235 /* MapKit.framework in Frameworks */ = {isa = PBXBuildFile; fileRef = 9C0783BB1E426A4B00BCC235 /* MapKit.framework */; };
		9C0783BF1E426E6B00BCC235 /* ResultsTableViewController.m in Sources */ = {isa = PBXBuildFile; fileRef = 9C0783BE1E426E6A00BCC235 /* ResultsTableViewController.m */; };
/* End PBXBuildFile section */

/* Begin PBXFileReference section */
		9C0783A01E425FC800BCC235 /* MKLocal​Search.app */ = {isa = PBXFileReference; explicitFileType = wrapper.application; includeInIndex = 0; path = "MKLocal​Search.app"; sourceTree = BUILT_PRODUCTS_DIR; };
		9C0783A41E425FCA00BCC235 /* main.m */ = {isa = PBXFileReference; lastKnownFileType = sourcecode.c.objc; path = main.m; sourceTree = "<group>"; };
		9C0783A61E425FCA00BCC235 /* AppDelegate.h */ = {isa = PBXFileReference; lastKnownFileType = sourcecode.c.h; path = AppDelegate.h; sourceTree = "<group>"; };
		9C0783A71E425FCA00BCC235 /* AppDelegate.m */ = {isa = PBXFileReference; lastKnownFileType = sourcecode.c.objc; path = AppDelegate.m; sourceTree = "<group>"; };
		9C0783A91E425FCA00BCC235 /* ViewController.h */ = {isa = PBXFileReference; lastKnownFileType = sourcecode.c.h; path = ViewController.h; sourceTree = "<group>"; };
		9C0783AA1E425FCA00BCC235 /* ViewController.m */ = {isa = PBXFileReference; lastKnownFileType = sourcecode.c.objc; path = ViewController.m; sourceTree = "<group>"; };
		9C0783AD1E425FCB00BCC235 /* Base */ = {isa = PBXFileReference; lastKnownFileType = file.storyboard; name = Base; path = Base.lproj/Main.storyboard; sourceTree = "<group>"; };
		9C0783AF1E425FCB00BCC235 /* Assets.xcassets */ = {isa = PBXFileReference; lastKnownFileType = folder.assetcatalog; path = Assets.xcassets; sourceTree = "<group>"; };
		9C0783B21E425FCB00BCC235 /* Base */ = {isa = PBXFileReference; lastKnownFileType = file.storyboard; name = Base; path = Base.lproj/LaunchScreen.storyboard; sourceTree = "<group>"; };
		9C0783B41E425FCB00BCC235 /* Info.plist */ = {isa = PBXFileReference; lastKnownFileType = text.plist.xml; path = Info.plist; sourceTree = "<group>"; };
		9C0783BB1E426A4B00BCC235 /* MapKit.framework */ = {isa = PBXFileReference; lastKnownFileType = wrapper.framework; name = MapKit.framework; path = System/Library/Frameworks/MapKit.framework; sourceTree = SDKROOT; };
		9C0783BD1E426E6A00BCC235 /* ResultsTableViewController.h */ = {isa = PBXFileReference; fileEncoding = 4; lastKnownFileType = sourcecode.c.h; path = ResultsTableViewController.h; sourceTree = "<group>"; };
		9C0783BE1E426E6A00BCC235 /* ResultsTableViewController.m */ = {isa = PBXFileReference; fileEncoding = 4; lastKnownFileType = sourcecode.c.objc; path = ResultsTableViewController.m; sourceTree = "<group>"; };
/* End PBXFileReference section */

/* Begin PBXFrameworksBuildPhase section */
		9C07839D1E425FC800BCC235 /* Frameworks */ = {
			isa = PBXFrameworksBuildPhase;
			buildActionMask = 2147483647;
			files = (
				9C0783BC1E426A4B00BCC235 /* MapKit.framework in Frameworks */,
			);
			runOnlyForDeploymentPostprocessing = 0;
		};
/* End PBXFrameworksBuildPhase section */

/* Begin PBXGroup section */
		9C0783971E425FC600BCC235 = {
			isa = PBXGroup;
			children = (
				9C0783A21E425FC900BCC235 /* MKLocal​Search */,
				9C0783A11E425FC900BCC235 /* Products */,
				9C0783BA1E426A4A00BCC235 /* Frameworks */,
			);
			sourceTree = "<group>";
		};
		9C0783A11E425FC900BCC235 /* Products */ = {
			isa = PBXGroup;
			children = (
				9C0783A01E425FC800BCC235 /* MKLocal​Search.app */,
			);
			name = Products;
			sourceTree = "<group>";
		};
		9C0783A21E425FC900BCC235 /* MKLocal​Search */ = {
			isa = PBXGroup;
			children = (
				9C0783A61E425FCA00BCC235 /* AppDelegate.h */,
				9C0783A71E425FCA00BCC235 /* AppDelegate.m */,
				9C0783A91E425FCA00BCC235 /* ViewController.h */,
				9C0783AA1E425FCA00BCC235 /* ViewController.m */,
				9C0783BD1E426E6A00BCC235 /* ResultsTableViewController.h */,
				9C0783BE1E426E6A00BCC235 /* ResultsTableViewController.m */,
				9C0783AC1E425FCB00BCC235 /* Main.storyboard */,
				9C0783AF1E425FCB00BCC235 /* Assets.xcassets */,
				9C0783B11E425FCB00BCC235 /* LaunchScreen.storyboard */,
				9C0783B41E425FCB00BCC235 /* Info.plist */,
				9C0783A31E425FC900BCC235 /* Supporting Files */,
			);
			path = "MKLocal​Search";
			sourceTree = "<group>";
		};
		9C0783A31E425FC900BCC235 /* Supporting Files */ = {
			isa = PBXGroup;
			children = (
				9C0783A41E425FCA00BCC235 /* main.m */,
			);
			name = "Supporting Files";
			sourceTree = "<group>";
		};
		9C0783BA1E426A4A00BCC235 /* Frameworks */ = {
			isa = PBXGroup;
			children = (
				9C0783BB1E426A4B00BCC235 /* MapKit.framework */,
			);
			name = Frameworks;
			sourceTree = "<group>";
		};
/* End PBXGroup section */

/* Begin PBXNativeTarget section */
		9C07839F1E425FC800BCC235 /* MKLocal​Search */ = {
			isa = PBXNativeTarget;
			buildConfigurationList = 9C0783B71E425FCB00BCC235 /* Build configuration list for PBXNativeTarget "MKLocal​Search" */;
			buildPhases = (
				9C07839C1E425FC800BCC235 /* Sources */,
				9C07839D1E425FC800BCC235 /* Frameworks */,
				9C07839E1E425FC800BCC235 /* Resources */,
			);
			buildRules = (
			);
			dependencies = (
			);
			name = "MKLocal​Search";
			productName = "MKLocal​Search";
			productReference = 9C0783A01E425FC800BCC235 /* MKLocal​Search.app */;
			productType = "com.apple.product-type.application";
		};
/* End PBXNativeTarget section */

/* Begin PBXProject section */
		9C0783981E425FC700BCC235 /* Project object */ = {
			isa = PBXProject;
			attributes = {
				LastUpgradeCheck = 0820;
				ORGANIZATIONNAME = "Marcelo Sampaio";
				TargetAttributes = {
					9C07839F1E425FC800BCC235 = {
						CreatedOnToolsVersion = 8.2.1;
						DevelopmentTeam = 5U294U2N56;
						ProvisioningStyle = Automatic;
					};
				};
			};
			buildConfigurationList = 9C07839B1E425FC700BCC235 /* Build configuration list for PBXProject "MKLocal​Search" */;
			compatibilityVersion = "Xcode 3.2";
			developmentRegion = English;
			hasScannedForEncodings = 0;
			knownRegions = (
				en,
				Base,
			);
			mainGroup = 9C0783971E425FC600BCC235;
			productRefGroup = 9C0783A11E425FC900BCC235 /* Products */;
			projectDirPath = "";
			projectRoot = "";
			targets = (
				9C07839F1E425FC800BCC235 /* MKLocal​Search */,
			);
		};
/* End PBXProject section */

/* Begin PBXResourcesBuildPhase section */
		9C07839E1E425FC800BCC235 /* Resources */ = {
			isa = PBXResourcesBuildPhase;
			buildActionMask = 2147483647;
			files = (
				9C0783B31E425FCB00BCC235 /* LaunchScreen.storyboard in Resources */,
				9C0783B01E425FCB00BCC235 /* Assets.xcassets in Resources */,
				9C0783AE1E425FCB00BCC235 /* Main.storyboard in Resources */,
			);
			runOnlyForDeploymentPostprocessing = 0;
		};
/* End PBXResourcesBuildPhase section */

/* Begin PBXSourcesBuildPhase section */
		9C07839C1E425FC800BCC235 /* Sources */ = {
			isa = PBXSourcesBuildPhase;
			buildActionMask = 2147483647;
			files = (
				9C0783BF1E426E6B00BCC235 /* ResultsTableViewController.m in Sources */,
				9C0783AB1E425FCA00BCC235 /* ViewController.m in Sources */,
				9C0783A81E425FCA00BCC235 /* AppDelegate.m in Sources */,
				9C0783A51E425FCA00BCC235 /* main.m in Sources */,
			);
			runOnlyForDeploymentPostprocessing = 0;
		};
/* End PBXSourcesBuildPhase section */

/* Begin PBXVariantGroup section */
		9C0783AC1E425FCB00BCC235 /* Main.storyboard */ = {
			isa = PBXVariantGroup;
			children = (
				9C0783AD1E425FCB00BCC235 /* Base */,
			);
			name = Main.storyboard;
			sourceTree = "<group>";
		};
		9C0783B11E425FCB00BCC235 /* LaunchScreen.storyboard */ = {
			isa = PBXVariantGroup;
			children = (
				9C0783B21E425FCB00BCC235 /* Base */,
			);
			name = LaunchScreen.storyboard;
			sourceTree = "<group>";
		};
/* End PBXVariantGroup section */

/* Begin XCBuildConfiguration section */
		9C0783B51E425FCB00BCC235 /* Debug */ = {
			isa = XCBuildConfiguration;
			buildSettings = {
				ALWAYS_SEARCH_USER_PATHS = NO;
				CLANG_ANALYZER_NONNULL = YES;
				CLANG_CXX_LANGUAGE_STANDARD = "gnu++0x";
				CLANG_CXX_LIBRARY = "libc++";
				CLANG_ENABLE_MODULES = YES;
				CLANG_ENABLE_OBJC_ARC = YES;
				CLANG_WARN_BOOL_CONVERSION = YES;
				CLANG_WARN_CONSTANT_CONVERSION = YES;
				CLANG_WARN_DIRECT_OBJC_ISA_USAGE = YES_ERROR;
				CLANG_WARN_DOCUMENTATION_COMMENTS = YES;
				CLANG_WARN_EMPTY_BODY = YES;
				CLANG_WARN_ENUM_CONVERSION = YES;
				CLANG_WARN_INFINITE_RECURSION = YES;
				CLANG_WARN_INT_CONVERSION = YES;
				CLANG_WARN_OBJC_ROOT_CLASS = YES_ERROR;
				CLANG_WARN_SUSPICIOUS_MOVE = YES;
				CLANG_WARN_UNREACHABLE_CODE = YES;
				CLANG_WARN__DUPLICATE_METHOD_MATCH = YES;
				"CODE_SIGN_IDENTITY[sdk=iphoneos*]" = "iPhone Developer";
				COPY_PHASE_STRIP = NO;
				DEBUG_INFORMATION_FORMAT = dwarf;
				ENABLE_STRICT_OBJC_MSGSEND = YES;
				ENABLE_TESTABILITY = YES;
				GCC_C_LANGUAGE_STANDARD = gnu99;
				GCC_DYNAMIC_NO_PIC = NO;
				GCC_NO_COMMON_BLOCKS = YES;
				GCC_OPTIMIZATION_LEVEL = 0;
				GCC_PREPROCESSOR_DEFINITIONS = (
					"DEBUG=1",
					"$(inherited)",
				);
				GCC_WARN_64_TO_32_BIT_CONVERSION = YES;
				GCC_WARN_ABOUT_RETURN_TYPE = YES_ERROR;
				GCC_WARN_UNDECLARED_SELECTOR = YES;
				GCC_WARN_UNINITIALIZED_AUTOS = YES_AGGRESSIVE;
				GCC_WARN_UNUSED_FUNCTION = YES;
				GCC_WARN_UNUSED_VARIABLE = YES;
				IPHONEOS_DEPLOYMENT_TARGET = 10.2;
				MTL_ENABLE_DEBUG_INFO = YES;
				ONLY_ACTIVE_ARCH = YES;
				SDKROOT = iphoneos;
				TARGETED_DEVICE_FAMILY = "1,2";
			};
			name = Debug;
		};
		9C0783B61E425FCB00BCC235 /* Release */ = {
			isa = XCBuildConfiguration;
			buildSettings = {
				ALWAYS_SEARCH_USER_PATHS = NO;
				CLANG_ANALYZER_NONNULL = YES;
				CLANG_CXX_LANGUAGE_STANDARD = "gnu++0x";
				CLANG_CXX_LIBRARY = "libc++";
				CLANG_ENABLE_MODULES = YES;
				CLANG_ENABLE_OBJC_ARC = YES;
				CLANG_WARN_BOOL_CONVERSION = YES;
				CLANG_WARN_CONSTANT_CONVERSION = YES;
				CLANG_WARN_DIRECT_OBJC_ISA_USAGE = YES_ERROR;
				CLANG_WARN_DOCUMENTATION_COMMENTS = YES;
				CLANG_WARN_EMPTY_BODY = YES;
				CLANG_WARN_ENUM_CONVERSION = YES;
				CLANG_WARN_INFINITE_RECURSION = YES;
				CLANG_WARN_INT_CONVERSION = YES;
				CLANG_WARN_OBJC_ROOT_CLASS = YES_ERROR;
				CLANG_WARN_SUSPICIOUS_MOVE = YES;
				CLANG_WARN_UNREACHABLE_CODE = YES;
				CLANG_WARN__DUPLICATE_METHOD_MATCH = YES;
				"CODE_SIGN_IDENTITY[sdk=iphoneos*]" = "iPhone Developer";
				COPY_PHASE_STRIP = NO;
				DEBUG_INFORMATION_FORMAT = "dwarf-with-dsym";
				ENABLE_NS_ASSERTIONS = NO;
				ENABLE_STRICT_OBJC_MSGSEND = YES;
				GCC_C_LANGUAGE_STANDARD = gnu99;
				GCC_NO_COMMON_BLOCKS = YES;
				GCC_WARN_64_TO_32_BIT_CONVERSION = YES;
				GCC_WARN_ABOUT_RETURN_TYPE = YES_ERROR;
				GCC_WARN_UNDECLARED_SELECTOR = YES;
				GCC_WARN_UNINITIALIZED_AUTOS = YES_AGGRESSIVE;
				GCC_WARN_UNUSED_FUNCTION = YES;
				GCC_WARN_UNUSED_VARIABLE = YES;
				IPHONEOS_DEPLOYMENT_TARGET = 10.2;
				MTL_ENABLE_DEBUG_INFO = NO;
				SDKROOT = iphoneos;
				TARGETED_DEVICE_FAMILY = "1,2";
				VALIDATE_PRODUCT = YES;
			};
			name = Release;
		};
		9C0783B81E425FCB00BCC235 /* Debug */ = {
			isa = XCBuildConfiguration;
			buildSettings = {
				ASSETCATALOG_COMPILER_APPICON_NAME = AppIcon;
				DEVELOPMENT_TEAM = 5U294U2N56;
				INFOPLIST_FILE = "MKLocal​Search/Info.plist";
				LD_RUNPATH_SEARCH_PATHS = "$(inherited) @executable_path/Frameworks";
				PRODUCT_BUNDLE_IDENTIFIER = "MAS.MKLocal-Search";
				PRODUCT_NAME = "$(TARGET_NAME)";
			};
			name = Debug;
		};
		9C0783B91E425FCB00BCC235 /* Release */ = {
			isa = XCBuildConfiguration;
			buildSettings = {
				ASSETCATALOG_COMPILER_APPICON_NAME = AppIcon;
				DEVELOPMENT_TEAM = 5U294U2N56;
				INFOPLIST_FILE = "MKLocal​Search/Info.plist";
				LD_RUNPATH_SEARCH_PATHS = "$(inherited) @executable_path/Frameworks";
				PRODUCT_BUNDLE_IDENTIFIER = "MAS.MKLocal-Search";
				PRODUCT_NAME = "$(TARGET_NAME)";
			};
			name = Release;
		};
/* End XCBuildConfiguration section */

/* Begin XCConfigurationList section */
		9C07839B1E425FC700BCC235 /* Build configuration list for PBXProject "MKLocal​Search" */ = {
			isa = XCConfigurationList;
			buildConfigurations = (
				9C0783B51E425FCB00BCC235 /* Debug */,
				9C0783B61E425FCB00BCC235 /* Release */,
			);
			defaultConfigurationIsVisible = 0;
			defaultConfigurationName = Release;
		};
		9C0783B71E425FCB00BCC235 /* Build configuration list for PBXNativeTarget "MKLocal​Search" */ = {
			isa = XCConfigurationList;
			buildConfigurations = (
				9C0783B81E425FCB00BCC235 /* Debug */,
				9C0783B91E425FCB00BCC235 /* Release */,
			);
			defaultConfigurationIsVisible = 0;
		};
/* End XCConfigurationList section */
	};
	rootObject = 9C0783981E425FC700BCC235 /* Project object */;
}
